{
  "pins" : [
    {
      "identity" : "player-sdk-ios",
      "kind" : "remoteSourceControl",
      "location" : "https://github.com/dailymotion/player-sdk-ios",
      "state" : {
        "revision" : "1e914e4703463b511f4d649f26ce4e9c5edee45f",
        "version" : "1.0.0"
      }
    }
  ],
  "version" : 2
}
